// !$*UTF8*$!
{
	archiveVersion = 1;
	classes = {
	};
	objectVersion = 56;
	objects = {

/* Begin PBXBuildFile section */
		5755009C2AD78B74002FB4E9 /* Assignment6App.swift in Sources */ = {isa = PBXBuildFile; fileRef = 5755009B2AD78B74002FB4E9 /* Assignment6App.swift */; };
		5755009E2AD78B74002FB4E9 /* ContentView.swift in Sources */ = {isa = PBXBuildFile; fileRef = 5755009D2AD78B74002FB4E9 /* ContentView.swift */; };
		575500A02AD78B76002FB4E9 /* Assets.xcassets in Resources */ = {isa = PBXBuildFile; fileRef = 5755009F2AD78B76002FB4E9 /* Assets.xcassets */; };
		575500A42AD78B76002FB4E9 /* Preview Assets.xcassets in Resources */ = {isa = PBXBuildFile; fileRef = 575500A32AD78B76002FB4E9 /* Preview Assets.xcassets */; };
		575500AE2AD78B76002FB4E9 /* Assignment6Tests.swift in Sources */ = {isa = PBXBuildFile; fileRef = 575500AD2AD78B76002FB4E9 /* Assignment6Tests.swift */; };
		575500B82AD78B77002FB4E9 /* Assignment6UITests.swift in Sources */ = {isa = PBXBuildFile; fileRef = 575500B72AD78B77002FB4E9 /* Assignment6UITests.swift */; };
		575500BA2AD78B77002FB4E9 /* Assignment6UITestsLaunchTests.swift in Sources */ = {isa = PBXBuildFile; fileRef = 575500B92AD78B77002FB4E9 /* Assignment6UITestsLaunchTests.swift */; };
		575500C92AD78D35002FB4E9 /* MainViewModel in Sources */ = {isa = PBXBuildFile; fileRef = 575500C82AD78D35002FB4E9 /* MainViewModel */; };
		575500CF2AD7905C002FB4E9 /* MapView.swift in Sources */ = {isa = PBXBuildFile; fileRef = 575500CE2AD7905C002FB4E9 /* MapView.swift */; };
		575500D12AD7963F002FB4E9 /* MapViewModel.swift in Sources */ = {isa = PBXBuildFile; fileRef = 575500D02AD7963F002FB4E9 /* MapViewModel.swift */; };
		575500D62AD796F6002FB4E9 /* MarkerViewModel.swift in Sources */ = {isa = PBXBuildFile; fileRef = 575500D52AD796F6002FB4E9 /* MarkerViewModel.swift */; };
		575500D92AD7971D002FB4E9 /* MarkerView.swift in Sources */ = {isa = PBXBuildFile; fileRef = 575500D82AD7971D002FB4E9 /* MarkerView.swift */; };
		575500DE2AD797C9002FB4E9 /* HistoryViewModel.swift in Sources */ = {isa = PBXBuildFile; fileRef = 575500DD2AD797C9002FB4E9 /* HistoryViewModel.swift */; };
		575500E02AD797D5002FB4E9 /* HistoryView.swift in Sources */ = {isa = PBXBuildFile; fileRef = 575500DF2AD797D5002FB4E9 /* HistoryView.swift */; };
		575500E32AD7A7F0002FB4E9 /* MarkerModel.swift in Sources */ = {isa = PBXBuildFile; fileRef = 575500E22AD7A7F0002FB4E9 /* MarkerModel.swift */; };
		57C5782B2AD9C30B0075C778 /* pushNotifications.swift in Sources */ = {isa = PBXBuildFile; fileRef = 57C5782A2AD9C30B0075C778 /* pushNotifications.swift */; };
/* End PBXBuildFile section */

/* Begin PBXContainerItemProxy section */
		575500AA2AD78B76002FB4E9 /* PBXContainerItemProxy */ = {
			isa = PBXContainerItemProxy;
			containerPortal = 575500902AD78B74002FB4E9 /* Project object */;
			proxyType = 1;
			remoteGlobalIDString = 575500972AD78B74002FB4E9;
			remoteInfo = Assignment6;
		};
		575500B42AD78B77002FB4E9 /* PBXContainerItemProxy */ = {
			isa = PBXContainerItemProxy;
			containerPortal = 575500902AD78B74002FB4E9 /* Project object */;
			proxyType = 1;
			remoteGlobalIDString = 575500972AD78B74002FB4E9;
			remoteInfo = Assignment6;
		};
/* End PBXContainerItemProxy section */

/* Begin PBXFileReference section */
		575500982AD78B74002FB4E9 /* Assignment6.app */ = {isa = PBXFileReference; explicitFileType = wrapper.application; includeInIndex = 0; path = Assignment6.app; sourceTree = BUILT_PRODUCTS_DIR; };
		5755009B2AD78B74002FB4E9 /* Assignment6App.swift */ = {isa = PBXFileReference; lastKnownFileType = sourcecode.swift; path = Assignment6App.swift; sourceTree = "<group>"; };
		5755009D2AD78B74002FB4E9 /* ContentView.swift */ = {isa = PBXFileReference; lastKnownFileType = sourcecode.swift; path = ContentView.swift; sourceTree = "<group>"; };
		5755009F2AD78B76002FB4E9 /* Assets.xcassets */ = {isa = PBXFileReference; lastKnownFileType = folder.assetcatalog; path = Assets.xcassets; sourceTree = "<group>"; };
		575500A12AD78B76002FB4E9 /* Assignment6.entitlements */ = {isa = PBXFileReference; lastKnownFileType = text.plist.entitlements; path = Assignment6.entitlements; sourceTree = "<group>"; };
		575500A32AD78B76002FB4E9 /* Preview Assets.xcassets */ = {isa = PBXFileReference; lastKnownFileType = folder.assetcatalog; path = "Preview Assets.xcassets"; sourceTree = "<group>"; };
		575500A92AD78B76002FB4E9 /* Assignment6Tests.xctest */ = {isa = PBXFileReference; explicitFileType = wrapper.cfbundle; includeInIndex = 0; path = Assignment6Tests.xctest; sourceTree = BUILT_PRODUCTS_DIR; };
		575500AD2AD78B76002FB4E9 /* Assignment6Tests.swift */ = {isa = PBXFileReference; lastKnownFileType = sourcecode.swift; path = Assignment6Tests.swift; sourceTree = "<group>"; };
		575500B32AD78B77002FB4E9 /* Assignment6UITests.xctest */ = {isa = PBXFileReference; explicitFileType = wrapper.cfbundle; includeInIndex = 0; path = Assignment6UITests.xctest; sourceTree = BUILT_PRODUCTS_DIR; };
		575500B72AD78B77002FB4E9 /* Assignment6UITests.swift */ = {isa = PBXFileReference; lastKnownFileType = sourcecode.swift; path = Assignment6UITests.swift; sourceTree = "<group>"; };
		575500B92AD78B77002FB4E9 /* Assignment6UITestsLaunchTests.swift */ = {isa = PBXFileReference; lastKnownFileType = sourcecode.swift; path = Assignment6UITestsLaunchTests.swift; sourceTree = "<group>"; };
		575500C82AD78D35002FB4E9 /* MainViewModel */ = {isa = PBXFileReference; lastKnownFileType = text; path = MainViewModel; sourceTree = "<group>"; };
		575500CE2AD7905C002FB4E9 /* MapView.swift */ = {isa = PBXFileReference; lastKnownFileType = sourcecode.swift; path = MapView.swift; sourceTree = "<group>"; };
		575500D02AD7963F002FB4E9 /* MapViewModel.swift */ = {isa = PBXFileReference; lastKnownFileType = sourcecode.swift; path = MapViewModel.swift; sourceTree = "<group>"; };
		575500D52AD796F6002FB4E9 /* MarkerViewModel.swift */ = {isa = PBXFileReference; lastKnownFileType = sourcecode.swift; path = MarkerViewModel.swift; sourceTree = "<group>"; };
		575500D82AD7971D002FB4E9 /* MarkerView.swift */ = {isa = PBXFileReference; lastKnownFileType = sourcecode.swift; path = MarkerView.swift; sourceTree = "<group>"; };
		575500DD2AD797C9002FB4E9 /* HistoryViewModel.swift */ = {isa = PBXFileReference; lastKnownFileType = sourcecode.swift; path = HistoryViewModel.swift; sourceTree = "<group>"; };
		575500DF2AD797D5002FB4E9 /* HistoryView.swift */ = {isa = PBXFileReference; lastKnownFileType = sourcecode.swift; path = HistoryView.swift; sourceTree = "<group>"; };
		575500E22AD7A7F0002FB4E9 /* MarkerModel.swift */ = {isa = PBXFileReference; lastKnownFileType = sourcecode.swift; path = MarkerModel.swift; sourceTree = "<group>"; };
		57C5782A2AD9C30B0075C778 /* pushNotifications.swift */ = {isa = PBXFileReference; lastKnownFileType = sourcecode.swift; path = pushNotifications.swift; sourceTree = "<group>"; };
/* End PBXFileReference section */

/* Begin PBXFrameworksBuildPhase section */
		575500952AD78B74002FB4E9 /* Frameworks */ = {
			isa = PBXFrameworksBuildPhase;
			buildActionMask = 2147483647;
			files = (
			);
			runOnlyForDeploymentPostprocessing = 0;
		};
		575500A62AD78B76002FB4E9 /* Frameworks */ = {
			isa = PBXFrameworksBuildPhase;
			buildActionMask = 2147483647;
			files = (
			);
			runOnlyForDeploymentPostprocessing = 0;
		};
		575500B02AD78B77002FB4E9 /* Frameworks */ = {
			isa = PBXFrameworksBuildPhase;
			buildActionMask = 2147483647;
			files = (
			);
			runOnlyForDeploymentPostprocessing = 0;
		};
/* End PBXFrameworksBuildPhase section */

/* Begin PBXGroup section */
		5755008F2AD78B74002FB4E9 = {
			isa = PBXGroup;
			children = (
				5755009A2AD78B74002FB4E9 /* Assignment6 */,
				575500AC2AD78B76002FB4E9 /* Assignment6Tests */,
				575500B62AD78B77002FB4E9 /* Assignment6UITests */,
				575500992AD78B74002FB4E9 /* Products */,
			);
			sourceTree = "<group>";
		};
		575500992AD78B74002FB4E9 /* Products */ = {
			isa = PBXGroup;
			children = (
				575500982AD78B74002FB4E9 /* Assignment6.app */,
				575500A92AD78B76002FB4E9 /* Assignment6Tests.xctest */,
				575500B32AD78B77002FB4E9 /* Assignment6UITests.xctest */,
			);
			name = Products;
			sourceTree = "<group>";
		};
		5755009A2AD78B74002FB4E9 /* Assignment6 */ = {
			isa = PBXGroup;
			children = (
				575500DA2AD797AC002FB4E9 /* History */,
				575500D22AD796D2002FB4E9 /* Marker */,
				575500CB2AD7903A002FB4E9 /* Map */,
				575500CA2AD7901C002FB4E9 /* Main */,
				5755009B2AD78B74002FB4E9 /* Assignment6App.swift */,
				5755009F2AD78B76002FB4E9 /* Assets.xcassets */,
				575500A12AD78B76002FB4E9 /* Assignment6.entitlements */,
				575500A22AD78B76002FB4E9 /* Preview Content */,
			);
			path = Assignment6;
			sourceTree = "<group>";
		};
		575500A22AD78B76002FB4E9 /* Preview Content */ = {
			isa = PBXGroup;
			children = (
				575500A32AD78B76002FB4E9 /* Preview Assets.xcassets */,
			);
			path = "Preview Content";
			sourceTree = "<group>";
		};
		575500AC2AD78B76002FB4E9 /* Assignment6Tests */ = {
			isa = PBXGroup;
			children = (
				575500AD2AD78B76002FB4E9 /* Assignment6Tests.swift */,
			);
			path = Assignment6Tests;
			sourceTree = "<group>";
		};
		575500B62AD78B77002FB4E9 /* Assignment6UITests */ = {
			isa = PBXGroup;
			children = (
				575500B72AD78B77002FB4E9 /* Assignment6UITests.swift */,
				575500B92AD78B77002FB4E9 /* Assignment6UITestsLaunchTests.swift */,
			);
			path = Assignment6UITests;
			sourceTree = "<group>";
		};
		575500C62AD78CCC002FB4E9 /* View */ = {
			isa = PBXGroup;
			children = (
				5755009D2AD78B74002FB4E9 /* ContentView.swift */,
				57C5782A2AD9C30B0075C778 /* pushNotifications.swift */,
			);
			path = View;
			sourceTree = "<group>";
		};
		575500C72AD78CD9002FB4E9 /* ViewModel */ = {
			isa = PBXGroup;
			children = (
				575500C82AD78D35002FB4E9 /* MainViewModel */,
			);
			path = ViewModel;
			sourceTree = "<group>";
		};
		575500CA2AD7901C002FB4E9 /* Main */ = {
			isa = PBXGroup;
			children = (
				575500C62AD78CCC002FB4E9 /* View */,
				575500C72AD78CD9002FB4E9 /* ViewModel */,
			);
			path = Main;
			sourceTree = "<group>";
		};
		575500CB2AD7903A002FB4E9 /* Map */ = {
			isa = PBXGroup;
			children = (
				575500CD2AD79049002FB4E9 /* ViewModel */,
				575500CC2AD79041002FB4E9 /* View */,
			);
			path = Map;
			sourceTree = "<group>";
		};
		575500CC2AD79041002FB4E9 /* View */ = {
			isa = PBXGroup;
			children = (
				575500CE2AD7905C002FB4E9 /* MapView.swift */,
			);
			path = View;
			sourceTree = "<group>";
		};
		575500CD2AD79049002FB4E9 /* ViewModel */ = {
			isa = PBXGroup;
			children = (
				575500D02AD7963F002FB4E9 /* MapViewModel.swift */,
			);
			path = ViewModel;
			sourceTree = "<group>";
		};
		575500D22AD796D2002FB4E9 /* Marker */ = {
			isa = PBXGroup;
			children = (
				575500E12AD7A7E1002FB4E9 /* Model */,
				575500D42AD796E0002FB4E9 /* ViewModel */,
				575500D32AD796DC002FB4E9 /* View */,
			);
			path = Marker;
			sourceTree = "<group>";
		};
		575500D32AD796DC002FB4E9 /* View */ = {
			isa = PBXGroup;
			children = (
				575500D82AD7971D002FB4E9 /* MarkerView.swift */,
			);
			path = View;
			sourceTree = "<group>";
		};
		575500D42AD796E0002FB4E9 /* ViewModel */ = {
			isa = PBXGroup;
			children = (
				575500D52AD796F6002FB4E9 /* MarkerViewModel.swift */,
			);
			path = ViewModel;
			sourceTree = "<group>";
		};
		575500DA2AD797AC002FB4E9 /* History */ = {
			isa = PBXGroup;
			children = (
				575500DC2AD797BA002FB4E9 /* ViewModel */,
				575500DB2AD797B5002FB4E9 /* View */,
			);
			path = History;
			sourceTree = "<group>";
		};
		575500DB2AD797B5002FB4E9 /* View */ = {
			isa = PBXGroup;
			children = (
				575500DF2AD797D5002FB4E9 /* HistoryView.swift */,
			);
			path = View;
			sourceTree = "<group>";
		};
		575500DC2AD797BA002FB4E9 /* ViewModel */ = {
			isa = PBXGroup;
			children = (
				575500DD2AD797C9002FB4E9 /* HistoryViewModel.swift */,
			);
			path = ViewModel;
			sourceTree = "<group>";
		};
		575500E12AD7A7E1002FB4E9 /* Model */ = {
			isa = PBXGroup;
			children = (
				575500E22AD7A7F0002FB4E9 /* MarkerModel.swift */,
			);
			path = Model;
			sourceTree = "<group>";
		};
/* End PBXGroup section */

/* Begin PBXNativeTarget section */
		575500972AD78B74002FB4E9 /* Assignment6 */ = {
			isa = PBXNativeTarget;
			buildConfigurationList = 575500BD2AD78B77002FB4E9 /* Build configuration list for PBXNativeTarget "Assignment6" */;
			buildPhases = (
				575500942AD78B74002FB4E9 /* Sources */,
				575500952AD78B74002FB4E9 /* Frameworks */,
				575500962AD78B74002FB4E9 /* Resources */,
			);
			buildRules = (
			);
			dependencies = (
			);
			name = Assignment6;
			productName = Assignment6;
			productReference = 575500982AD78B74002FB4E9 /* Assignment6.app */;
			productType = "com.apple.product-type.application";
		};
		575500A82AD78B76002FB4E9 /* Assignment6Tests */ = {
			isa = PBXNativeTarget;
			buildConfigurationList = 575500C02AD78B77002FB4E9 /* Build configuration list for PBXNativeTarget "Assignment6Tests" */;
			buildPhases = (
				575500A52AD78B76002FB4E9 /* Sources */,
				575500A62AD78B76002FB4E9 /* Frameworks */,
				575500A72AD78B76002FB4E9 /* Resources */,
			);
			buildRules = (
			);
			dependencies = (
				575500AB2AD78B76002FB4E9 /* PBXTargetDependency */,
			);
			name = Assignment6Tests;
			productName = Assignment6Tests;
			productReference = 575500A92AD78B76002FB4E9 /* Assignment6Tests.xctest */;
			productType = "com.apple.product-type.bundle.unit-test";
		};
		575500B22AD78B77002FB4E9 /* Assignment6UITests */ = {
			isa = PBXNativeTarget;
			buildConfigurationList = 575500C32AD78B77002FB4E9 /* Build configuration list for PBXNativeTarget "Assignment6UITests" */;
			buildPhases = (
				575500AF2AD78B77002FB4E9 /* Sources */,
				575500B02AD78B77002FB4E9 /* Frameworks */,
				575500B12AD78B77002FB4E9 /* Resources */,
			);
			buildRules = (
			);
			dependencies = (
				575500B52AD78B77002FB4E9 /* PBXTargetDependency */,
			);
			name = Assignment6UITests;
			productName = Assignment6UITests;
			productReference = 575500B32AD78B77002FB4E9 /* Assignment6UITests.xctest */;
			productType = "com.apple.product-type.bundle.ui-testing";
		};
/* End PBXNativeTarget section */

/* Begin PBXProject section */
		575500902AD78B74002FB4E9 /* Project object */ = {
			isa = PBXProject;
			attributes = {
				BuildIndependentTargetsInParallel = 1;
				LastSwiftUpdateCheck = 1500;
				LastUpgradeCheck = 1500;
				TargetAttributes = {
					575500972AD78B74002FB4E9 = {
						CreatedOnToolsVersion = 15.0;
					};
					575500A82AD78B76002FB4E9 = {
						CreatedOnToolsVersion = 15.0;
						TestTargetID = 575500972AD78B74002FB4E9;
					};
					575500B22AD78B77002FB4E9 = {
						CreatedOnToolsVersion = 15.0;
						TestTargetID = 575500972AD78B74002FB4E9;
					};
				};
			};
			buildConfigurationList = 575500932AD78B74002FB4E9 /* Build configuration list for PBXProject "Assignment6" */;
			compatibilityVersion = "Xcode 14.0";
			developmentRegion = en;
			hasScannedForEncodings = 0;
			knownRegions = (
				en,
				Base,
			);
			mainGroup = 5755008F2AD78B74002FB4E9;
			productRefGroup = 575500992AD78B74002FB4E9 /* Products */;
			projectDirPath = "";
			projectRoot = "";
			targets = (
				575500972AD78B74002FB4E9 /* Assignment6 */,
				575500A82AD78B76002FB4E9 /* Assignment6Tests */,
				575500B22AD78B77002FB4E9 /* Assignment6UITests */,
			);
		};
/* End PBXProject section */

/* Begin PBXResourcesBuildPhase section */
		575500962AD78B74002FB4E9 /* Resources */ = {
			isa = PBXResourcesBuildPhase;
			buildActionMask = 2147483647;
			files = (
				575500A42AD78B76002FB4E9 /* Preview Assets.xcassets in Resources */,
				575500A02AD78B76002FB4E9 /* Assets.xcassets in Resources */,
			);
			runOnlyForDeploymentPostprocessing = 0;
		};
		575500A72AD78B76002FB4E9 /* Resources */ = {
			isa = PBXResourcesBuildPhase;
			buildActionMask = 2147483647;
			files = (
			);
			runOnlyForDeploymentPostprocessing = 0;
		};
		575500B12AD78B77002FB4E9 /* Resources */ = {
			isa = PBXResourcesBuildPhase;
			buildActionMask = 2147483647;
			files = (
			);
			runOnlyForDeploymentPostprocessing = 0;
		};
/* End PBXResourcesBuildPhase section */

/* Begin PBXSourcesBuildPhase section */
		575500942AD78B74002FB4E9 /* Sources */ = {
			isa = PBXSourcesBuildPhase;
			buildActionMask = 2147483647;
			files = (
				5755009E2AD78B74002FB4E9 /* ContentView.swift in Sources */,
				575500E32AD7A7F0002FB4E9 /* MarkerModel.swift in Sources */,
				575500D92AD7971D002FB4E9 /* MarkerView.swift in Sources */,
				57C5782B2AD9C30B0075C778 /* pushNotifications.swift in Sources */,
				575500D12AD7963F002FB4E9 /* MapViewModel.swift in Sources */,
				575500CF2AD7905C002FB4E9 /* MapView.swift in Sources */,
				575500C92AD78D35002FB4E9 /* MainViewModel in Sources */,
				575500D62AD796F6002FB4E9 /* MarkerViewModel.swift in Sources */,
				5755009C2AD78B74002FB4E9 /* Assignment6App.swift in Sources */,
				575500E02AD797D5002FB4E9 /* HistoryView.swift in Sources */,
				575500DE2AD797C9002FB4E9 /* HistoryViewModel.swift in Sources */,
			);
			runOnlyForDeploymentPostprocessing = 0;
		};
		575500A52AD78B76002FB4E9 /* Sources */ = {
			isa = PBXSourcesBuildPhase;
			buildActionMask = 2147483647;
			files = (
				575500AE2AD78B76002FB4E9 /* Assignment6Tests.swift in Sources */,
			);
			runOnlyForDeploymentPostprocessing = 0;
		};
		575500AF2AD78B77002FB4E9 /* Sources */ = {
			isa = PBXSourcesBuildPhase;
			buildActionMask = 2147483647;
			files = (
				575500BA2AD78B77002FB4E9 /* Assignment6UITestsLaunchTests.swift in Sources */,
				575500B82AD78B77002FB4E9 /* Assignment6UITests.swift in Sources */,
			);
			runOnlyForDeploymentPostprocessing = 0;
		};
/* End PBXSourcesBuildPhase section */

/* Begin PBXTargetDependency section */
		575500AB2AD78B76002FB4E9 /* PBXTargetDependency */ = {
			isa = PBXTargetDependency;
			target = 575500972AD78B74002FB4E9 /* Assignment6 */;
			targetProxy = 575500AA2AD78B76002FB4E9 /* PBXContainerItemProxy */;
		};
		575500B52AD78B77002FB4E9 /* PBXTargetDependency */ = {
			isa = PBXTargetDependency;
			target = 575500972AD78B74002FB4E9 /* Assignment6 */;
			targetProxy = 575500B42AD78B77002FB4E9 /* PBXContainerItemProxy */;
		};
/* End PBXTargetDependency section */

/* Begin XCBuildConfiguration section */
		575500BB2AD78B77002FB4E9 /* Debug */ = {
			isa = XCBuildConfiguration;
			buildSettings = {
				ALWAYS_SEARCH_USER_PATHS = NO;
				ASSETCATALOG_COMPILER_GENERATE_SWIFT_ASSET_SYMBOL_EXTENSIONS = YES;
				CLANG_ANALYZER_NONNULL = YES;
				CLANG_ANALYZER_NUMBER_OBJECT_CONVERSION = YES_AGGRESSIVE;
				CLANG_CXX_LANGUAGE_STANDARD = "gnu++20";
				CLANG_ENABLE_MODULES = YES;
				CLANG_ENABLE_OBJC_ARC = YES;
				CLANG_ENABLE_OBJC_WEAK = YES;
				CLANG_WARN_BLOCK_CAPTURE_AUTORELEASING = YES;
				CLANG_WARN_BOOL_CONVERSION = YES;
				CLANG_WARN_COMMA = YES;
				CLANG_WARN_CONSTANT_CONVERSION = YES;
				CLANG_WARN_DEPRECATED_OBJC_IMPLEMENTATIONS = YES;
				CLANG_WARN_DIRECT_OBJC_ISA_USAGE = YES_ERROR;
				CLANG_WARN_DOCUMENTATION_COMMENTS = YES;
				CLANG_WARN_EMPTY_BODY = YES;
				CLANG_WARN_ENUM_CONVERSION = YES;
				CLANG_WARN_INFINITE_RECURSION = YES;
				CLANG_WARN_INT_CONVERSION = YES;
				CLANG_WARN_NON_LITERAL_NULL_CONVERSION = YES;
				CLANG_WARN_OBJC_IMPLICIT_RETAIN_SELF = YES;
				CLANG_WARN_OBJC_LITERAL_CONVERSION = YES;
				CLANG_WARN_OBJC_ROOT_CLASS = YES_ERROR;
				CLANG_WARN_QUOTED_INCLUDE_IN_FRAMEWORK_HEADER = YES;
				CLANG_WARN_RANGE_LOOP_ANALYSIS = YES;
				CLANG_WARN_STRICT_PROTOTYPES = YES;
				CLANG_WARN_SUSPICIOUS_MOVE = YES;
				CLANG_WARN_UNGUARDED_AVAILABILITY = YES_AGGRESSIVE;
				CLANG_WARN_UNREACHABLE_CODE = YES;
				CLANG_WARN__DUPLICATE_METHOD_MATCH = YES;
				COPY_PHASE_STRIP = NO;
				DEBUG_INFORMATION_FORMAT = dwarf;
				ENABLE_STRICT_OBJC_MSGSEND = YES;
				ENABLE_TESTABILITY = YES;
				ENABLE_USER_SCRIPT_SANDBOXING = YES;
				GCC_C_LANGUAGE_STANDARD = gnu17;
				GCC_DYNAMIC_NO_PIC = NO;
				GCC_NO_COMMON_BLOCKS = YES;
				GCC_OPTIMIZATION_LEVEL = 0;
				GCC_PREPROCESSOR_DEFINITIONS = (
					"DEBUG=1",
					"$(inherited)",
				);
				GCC_WARN_64_TO_32_BIT_CONVERSION = YES;
				GCC_WARN_ABOUT_RETURN_TYPE = YES_ERROR;
				GCC_WARN_UNDECLARED_SELECTOR = YES;
				GCC_WARN_UNINITIALIZED_AUTOS = YES_AGGRESSIVE;
				GCC_WARN_UNUSED_FUNCTION = YES;
				GCC_WARN_UNUSED_VARIABLE = YES;
				LOCALIZATION_PREFERS_STRING_CATALOGS = YES;
				MTL_ENABLE_DEBUG_INFO = INCLUDE_SOURCE;
				MTL_FAST_MATH = YES;
				ONLY_ACTIVE_ARCH = YES;
				SWIFT_ACTIVE_COMPILATION_CONDITIONS = "DEBUG $(inherited)";
				SWIFT_OPTIMIZATION_LEVEL = "-Onone";
			};
			name = Debug;
		};
		575500BC2AD78B77002FB4E9 /* Release */ = {
			isa = XCBuildConfiguration;
			buildSettings = {
				ALWAYS_SEARCH_USER_PATHS = NO;
				ASSETCATALOG_COMPILER_GENERATE_SWIFT_ASSET_SYMBOL_EXTENSIONS = YES;
				CLANG_ANALYZER_NONNULL = YES;
				CLANG_ANALYZER_NUMBER_OBJECT_CONVERSION = YES_AGGRESSIVE;
				CLANG_CXX_LANGUAGE_STANDARD = "gnu++20";
				CLANG_ENABLE_MODULES = YES;
				CLANG_ENABLE_OBJC_ARC = YES;
				CLANG_ENABLE_OBJC_WEAK = YES;
				CLANG_WARN_BLOCK_CAPTURE_AUTORELEASING = YES;
				CLANG_WARN_BOOL_CONVERSION = YES;
				CLANG_WARN_COMMA = YES;
				CLANG_WARN_CONSTANT_CONVERSION = YES;
				CLANG_WARN_DEPRECATED_OBJC_IMPLEMENTATIONS = YES;
				CLANG_WARN_DIRECT_OBJC_ISA_USAGE = YES_ERROR;
				CLANG_WARN_DOCUMENTATION_COMMENTS = YES;
				CLANG_WARN_EMPTY_BODY = YES;
				CLANG_WARN_ENUM_CONVERSION = YES;
				CLANG_WARN_INFINITE_RECURSION = YES;
				CLANG_WARN_INT_CONVERSION = YES;
				CLANG_WARN_NON_LITERAL_NULL_CONVERSION = YES;
				CLANG_WARN_OBJC_IMPLICIT_RETAIN_SELF = YES;
				CLANG_WARN_OBJC_LITERAL_CONVERSION = YES;
				CLANG_WARN_OBJC_ROOT_CLASS = YES_ERROR;
				CLANG_WARN_QUOTED_INCLUDE_IN_FRAMEWORK_HEADER = YES;
				CLANG_WARN_RANGE_LOOP_ANALYSIS = YES;
				CLANG_WARN_STRICT_PROTOTYPES = YES;
				CLANG_WARN_SUSPICIOUS_MOVE = YES;
				CLANG_WARN_UNGUARDED_AVAILABILITY = YES_AGGRESSIVE;
				CLANG_WARN_UNREACHABLE_CODE = YES;
				CLANG_WARN__DUPLICATE_METHOD_MATCH = YES;
				COPY_PHASE_STRIP = NO;
				DEBUG_INFORMATION_FORMAT = "dwarf-with-dsym";
				ENABLE_NS_ASSERTIONS = NO;
				ENABLE_STRICT_OBJC_MSGSEND = YES;
				ENABLE_USER_SCRIPT_SANDBOXING = YES;
				GCC_C_LANGUAGE_STANDARD = gnu17;
				GCC_NO_COMMON_BLOCKS = YES;
				GCC_WARN_64_TO_32_BIT_CONVERSION = YES;
				GCC_WARN_ABOUT_RETURN_TYPE = YES_ERROR;
				GCC_WARN_UNDECLARED_SELECTOR = YES;
				GCC_WARN_UNINITIALIZED_AUTOS = YES_AGGRESSIVE;
				GCC_WARN_UNUSED_FUNCTION = YES;
				GCC_WARN_UNUSED_VARIABLE = YES;
				LOCALIZATION_PREFERS_STRING_CATALOGS = YES;
				MTL_ENABLE_DEBUG_INFO = NO;
				MTL_FAST_MATH = YES;
				SWIFT_COMPILATION_MODE = wholemodule;
			};
			name = Release;
		};
		575500BE2AD78B77002FB4E9 /* Debug */ = {
			isa = XCBuildConfiguration;
			buildSettings = {
				ASSETCATALOG_COMPILER_APPICON_NAME = AppIcon;
				ASSETCATALOG_COMPILER_GLOBAL_ACCENT_COLOR_NAME = AccentColor;
				CODE_SIGN_ENTITLEMENTS = Assignment6/Assignment6.entitlements;
				CODE_SIGN_STYLE = Automatic;
				CURRENT_PROJECT_VERSION = 1;
				DEVELOPMENT_ASSET_PATHS = "\"Assignment6/Preview Content\"";
				ENABLE_PREVIEWS = YES;
				GENERATE_INFOPLIST_FILE = YES;
				"INFOPLIST_KEY_UIApplicationSceneManifest_Generation[sdk=iphoneos*]" = YES;
				"INFOPLIST_KEY_UIApplicationSceneManifest_Generation[sdk=iphonesimulator*]" = YES;
				"INFOPLIST_KEY_UIApplicationSupportsIndirectInputEvents[sdk=iphoneos*]" = YES;
				"INFOPLIST_KEY_UIApplicationSupportsIndirectInputEvents[sdk=iphonesimulator*]" = YES;
				"INFOPLIST_KEY_UILaunchScreen_Generation[sdk=iphoneos*]" = YES;
				"INFOPLIST_KEY_UILaunchScreen_Generation[sdk=iphonesimulator*]" = YES;
				"INFOPLIST_KEY_UIStatusBarStyle[sdk=iphoneos*]" = UIStatusBarStyleDefault;
				"INFOPLIST_KEY_UIStatusBarStyle[sdk=iphonesimulator*]" = UIStatusBarStyleDefault;
				INFOPLIST_KEY_UISupportedInterfaceOrientations_iPad = "UIInterfaceOrientationPortrait UIInterfaceOrientationPortraitUpsideDown UIInterfaceOrientationLandscapeLeft UIInterfaceOrientationLandscapeRight";
				INFOPLIST_KEY_UISupportedInterfaceOrientations_iPhone = "UIInterfaceOrientationPortrait UIInterfaceOrientationLandscapeLeft UIInterfaceOrientationLandscapeRight";
				IPHONEOS_DEPLOYMENT_TARGET = 17.0;
				LD_RUNPATH_SEARCH_PATHS = "@executable_path/Frameworks";
				"LD_RUNPATH_SEARCH_PATHS[sdk=macosx*]" = "@executable_path/../Frameworks";
				MACOSX_DEPLOYMENT_TARGET = 14.0;
				MARKETING_VERSION = 1.0;
				PRODUCT_BUNDLE_IDENTIFIER = Practice.Assignment6;
				PRODUCT_NAME = "$(TARGET_NAME)";
				SDKROOT = auto;
				SUPPORTED_PLATFORMS = "iphoneos iphonesimulator macosx";
				SWIFT_EMIT_LOC_STRINGS = YES;
				SWIFT_VERSION = 5.0;
				TARGETED_DEVICE_FAMILY = "1,2";
			};
			name = Debug;
		};
		575500BF2AD78B77002FB4E9 /* Release */ = {
			isa = XCBuildConfiguration;
			buildSettings = {
				ASSETCATALOG_COMPILER_APPICON_NAME = AppIcon;
				ASSETCATALOG_COMPILER_GLOBAL_ACCENT_COLOR_NAME = AccentColor;
				CODE_SIGN_ENTITLEMENTS = Assignment6/Assignment6.entitlements;
				CODE_SIGN_STYLE = Automatic;
				CURRENT_PROJECT_VERSION = 1;
				DEVELOPMENT_ASSET_PATHS = "\"Assignment6/Preview Content\"";
				ENABLE_PREVIEWS = YES;
				GENERATE_INFOPLIST_FILE = YES;
				"INFOPLIST_KEY_UIApplicationSceneManifest_Generation[sdk=iphoneos*]" = YES;
				"INFOPLIST_KEY_UIApplicationSceneManifest_Generation[sdk=iphonesimulator*]" = YES;
				"INFOPLIST_KEY_UIApplicationSupportsIndirectInputEvents[sdk=iphoneos*]" = YES;
				"INFOPLIST_KEY_UIApplicationSupportsIndirectInputEvents[sdk=iphonesimulator*]" = YES;
				"INFOPLIST_KEY_UILaunchScreen_Generation[sdk=iphoneos*]" = YES;
				"INFOPLIST_KEY_UILaunchScreen_Generation[sdk=iphonesimulator*]" = YES;
				"INFOPLIST_KEY_UIStatusBarStyle[sdk=iphoneos*]" = UIStatusBarStyleDefault;
				"INFOPLIST_KEY_UIStatusBarStyle[sdk=iphonesimulator*]" = UIStatusBarStyleDefault;
				INFOPLIST_KEY_UISupportedInterfaceOrientations_iPad = "UIInterfaceOrientationPortrait UIInterfaceOrientationPortraitUpsideDown UIInterfaceOrientationLandscapeLeft UIInterfaceOrientationLandscapeRight";
				INFOPLIST_KEY_UISupportedInterfaceOrientations_iPhone = "UIInterfaceOrientationPortrait UIInterfaceOrientationLandscapeLeft UIInterfaceOrientationLandscapeRight";
				IPHONEOS_DEPLOYMENT_TARGET = 17.0;
				LD_RUNPATH_SEARCH_PATHS = "@executable_path/Frameworks";
				"LD_RUNPATH_SEARCH_PATHS[sdk=macosx*]" = "@executable_path/../Frameworks";
				MACOSX_DEPLOYMENT_TARGET = 14.0;
				MARKETING_VERSION = 1.0;
				PRODUCT_BUNDLE_IDENTIFIER = Practice.Assignment6;
				PRODUCT_NAME = "$(TARGET_NAME)";
				SDKROOT = auto;
				SUPPORTED_PLATFORMS = "iphoneos iphonesimulator macosx";
				SWIFT_EMIT_LOC_STRINGS = YES;
				SWIFT_VERSION = 5.0;
				TARGETED_DEVICE_FAMILY = "1,2";
			};
			name = Release;
		};
		575500C12AD78B77002FB4E9 /* Debug */ = {
			isa = XCBuildConfiguration;
			buildSettings = {
				ALWAYS_EMBED_SWIFT_STANDARD_LIBRARIES = YES;
				BUNDLE_LOADER = "$(TEST_HOST)";
				CODE_SIGN_STYLE = Automatic;
				CURRENT_PROJECT_VERSION = 1;
				GENERATE_INFOPLIST_FILE = YES;
				IPHONEOS_DEPLOYMENT_TARGET = 17.0;
				MACOSX_DEPLOYMENT_TARGET = 14.0;
				MARKETING_VERSION = 1.0;
				PRODUCT_BUNDLE_IDENTIFIER = Practice.Assignment6Tests;
				PRODUCT_NAME = "$(TARGET_NAME)";
				SDKROOT = auto;
				SUPPORTED_PLATFORMS = "iphoneos iphonesimulator macosx";
				SWIFT_EMIT_LOC_STRINGS = NO;
				SWIFT_VERSION = 5.0;
				TARGETED_DEVICE_FAMILY = "1,2";
				TEST_HOST = "$(BUILT_PRODUCTS_DIR)/Assignment6.app/$(BUNDLE_EXECUTABLE_FOLDER_PATH)/Assignment6";
			};
			name = Debug;
		};
		575500C22AD78B77002FB4E9 /* Release */ = {
			isa = XCBuildConfiguration;
			buildSettings = {
				ALWAYS_EMBED_SWIFT_STANDARD_LIBRARIES = YES;
				BUNDLE_LOADER = "$(TEST_HOST)";
				CODE_SIGN_STYLE = Automatic;
				CURRENT_PROJECT_VERSION = 1;
				GENERATE_INFOPLIST_FILE = YES;
				IPHONEOS_DEPLOYMENT_TARGET = 17.0;
				MACOSX_DEPLOYMENT_TARGET = 14.0;
				MARKETING_VERSION = 1.0;
				PRODUCT_BUNDLE_IDENTIFIER = Practice.Assignment6Tests;
				PRODUCT_NAME = "$(TARGET_NAME)";
				SDKROOT = auto;
				SUPPORTED_PLATFORMS = "iphoneos iphonesimulator macosx";
				SWIFT_EMIT_LOC_STRINGS = NO;
				SWIFT_VERSION = 5.0;
				TARGETED_DEVICE_FAMILY = "1,2";
				TEST_HOST = "$(BUILT_PRODUCTS_DIR)/Assignment6.app/$(BUNDLE_EXECUTABLE_FOLDER_PATH)/Assignment6";
			};
			name = Release;
		};
		575500C42AD78B77002FB4E9 /* Debug */ = {
			isa = XCBuildConfiguration;
			buildSettings = {
				ALWAYS_EMBED_SWIFT_STANDARD_LIBRARIES = YES;
				CODE_SIGN_STYLE = Automatic;
				CURRENT_PROJECT_VERSION = 1;
				GENERATE_INFOPLIST_FILE = YES;
				IPHONEOS_DEPLOYMENT_TARGET = 17.0;
				MACOSX_DEPLOYMENT_TARGET = 14.0;
				MARKETING_VERSION = 1.0;
				PRODUCT_BUNDLE_IDENTIFIER = Practice.Assignment6UITests;
				PRODUCT_NAME = "$(TARGET_NAME)";
				SDKROOT = auto;
				SUPPORTED_PLATFORMS = "iphoneos iphonesimulator macosx";
				SWIFT_EMIT_LOC_STRINGS = NO;
				SWIFT_VERSION = 5.0;
				TARGETED_DEVICE_FAMILY = "1,2";
				TEST_TARGET_NAME = Assignment6;
			};
			name = Debug;
		};
		575500C52AD78B77002FB4E9 /* Release */ = {
			isa = XCBuildConfiguration;
			buildSettings = {
				ALWAYS_EMBED_SWIFT_STANDARD_LIBRARIES = YES;
				CODE_SIGN_STYLE = Automatic;
				CURRENT_PROJECT_VERSION = 1;
				GENERATE_INFOPLIST_FILE = YES;
				IPHONEOS_DEPLOYMENT_TARGET = 17.0;
				MACOSX_DEPLOYMENT_TARGET = 14.0;
				MARKETING_VERSION = 1.0;
				PRODUCT_BUNDLE_IDENTIFIER = Practice.Assignment6UITests;
				PRODUCT_NAME = "$(TARGET_NAME)";
				SDKROOT = auto;
				SUPPORTED_PLATFORMS = "iphoneos iphonesimulator macosx";
				SWIFT_EMIT_LOC_STRINGS = NO;
				SWIFT_VERSION = 5.0;
				TARGETED_DEVICE_FAMILY = "1,2";
				TEST_TARGET_NAME = Assignment6;
			};
			name = Release;
		};
/* End XCBuildConfiguration section */

/* Begin XCConfigurationList section */
		575500932AD78B74002FB4E9 /* Build configuration list for PBXProject "Assignment6" */ = {
			isa = XCConfigurationList;
			buildConfigurations = (
				575500BB2AD78B77002FB4E9 /* Debug */,
				575500BC2AD78B77002FB4E9 /* Release */,
			);
			defaultConfigurationIsVisible = 0;
			defaultConfigurationName = Release;
		};
		575500BD2AD78B77002FB4E9 /* Build configuration list for PBXNativeTarget "Assignment6" */ = {
			isa = XCConfigurationList;
			buildConfigurations = (
				575500BE2AD78B77002FB4E9 /* Debug */,
				575500BF2AD78B77002FB4E9 /* Release */,
			);
			defaultConfigurationIsVisible = 0;
			defaultConfigurationName = Release;
		};
		575500C02AD78B77002FB4E9 /* Build configuration list for PBXNativeTarget "Assignment6Tests" */ = {
			isa = XCConfigurationList;
			buildConfigurations = (
				575500C12AD78B77002FB4E9 /* Debug */,
				575500C22AD78B77002FB4E9 /* Release */,
			);
			defaultConfigurationIsVisible = 0;
			defaultConfigurationName = Release;
		};
		575500C32AD78B77002FB4E9 /* Build configuration list for PBXNativeTarget "Assignment6UITests" */ = {
			isa = XCConfigurationList;
			buildConfigurations = (
				575500C42AD78B77002FB4E9 /* Debug */,
				575500C52AD78B77002FB4E9 /* Release */,
			);
			defaultConfigurationIsVisible = 0;
			defaultConfigurationName = Release;
		};
/* End XCConfigurationList section */
	};
	rootObject = 575500902AD78B74002FB4E9 /* Project object */;
}
